// !$*UTF8*$!
{
	archiveVersion = 1;
	classes = {
	};
	objectVersion = 52;
	objects = {

/* Begin PBXBuildFile section */
		7D1EE2AE2426010275305F1F /* Pods_CCET.framework in Frameworks */ = {isa = PBXBuildFile; fileRef = 99645AC70893037336C901C3 /* Pods_CCET.framework */; };
		B50B539B259412F200F2CC86 /* CCETApp.swift in Sources */ = {isa = PBXBuildFile; fileRef = B50B539A259412F200F2CC86 /* CCETApp.swift */; };
		B50B539D259412F200F2CC86 /* ContentView.swift in Sources */ = {isa = PBXBuildFile; fileRef = B50B539C259412F200F2CC86 /* ContentView.swift */; };
		B50B539F259412F300F2CC86 /* Assets.xcassets in Resources */ = {isa = PBXBuildFile; fileRef = B50B539E259412F300F2CC86 /* Assets.xcassets */; };
		B50B53A2259412F300F2CC86 /* Preview Assets.xcassets in Resources */ = {isa = PBXBuildFile; fileRef = B50B53A1259412F300F2CC86 /* Preview Assets.xcassets */; };
		B55B7DDD25965ECC000DC82C /* Time_Manager.swift in Sources */ = {isa = PBXBuildFile; fileRef = B55B7DDC25965ECC000DC82C /* Time_Manager.swift */; };
		B58C1869259673B400AC6040 /* Data_Manager.swift in Sources */ = {isa = PBXBuildFile; fileRef = B58C1868259673B400AC6040 /* Data_Manager.swift */; };
		B59549DE2596CD030054E90D /* FirstRun.swift in Sources */ = {isa = PBXBuildFile; fileRef = B59549DD2596CD030054E90D /* FirstRun.swift */; };
		B5BD7EFA25954CFE00022FC8 /* DB_Manager.swift in Sources */ = {isa = PBXBuildFile; fileRef = B5BD7EF925954CFE00022FC8 /* DB_Manager.swift */; };
		B5C366AC2594755500234851 /* NavigationStack in Frameworks */ = {isa = PBXBuildFile; productRef = B5C366AB2594755500234851 /* NavigationStack */; };
		B5C366AF2594783D00234851 /* DataStructures.swift in Sources */ = {isa = PBXBuildFile; fileRef = B5C366AE2594783D00234851 /* DataStructures.swift */; };
/* End PBXBuildFile section */

/* Begin PBXFileReference section */
		081B453E7301FD5F36408E3C /* Pods-CCET.release.xcconfig */ = {isa = PBXFileReference; includeInIndex = 1; lastKnownFileType = text.xcconfig; name = "Pods-CCET.release.xcconfig"; path = "Target Support Files/Pods-CCET/Pods-CCET.release.xcconfig"; sourceTree = "<group>"; };
		941FA1AC42EE82836C7E5811 /* Pods-CCET.debug.xcconfig */ = {isa = PBXFileReference; includeInIndex = 1; lastKnownFileType = text.xcconfig; name = "Pods-CCET.debug.xcconfig"; path = "Target Support Files/Pods-CCET/Pods-CCET.debug.xcconfig"; sourceTree = "<group>"; };
		99645AC70893037336C901C3 /* Pods_CCET.framework */ = {isa = PBXFileReference; explicitFileType = wrapper.framework; includeInIndex = 0; path = Pods_CCET.framework; sourceTree = BUILT_PRODUCTS_DIR; };
		B50B5397259412F200F2CC86 /* CCET.app */ = {isa = PBXFileReference; explicitFileType = wrapper.application; includeInIndex = 0; path = CCET.app; sourceTree = BUILT_PRODUCTS_DIR; };
		B50B539A259412F200F2CC86 /* CCETApp.swift */ = {isa = PBXFileReference; lastKnownFileType = sourcecode.swift; path = CCETApp.swift; sourceTree = "<group>"; };
		B50B539C259412F200F2CC86 /* ContentView.swift */ = {isa = PBXFileReference; lastKnownFileType = sourcecode.swift; path = ContentView.swift; sourceTree = "<group>"; };
		B50B539E259412F300F2CC86 /* Assets.xcassets */ = {isa = PBXFileReference; lastKnownFileType = folder.assetcatalog; path = Assets.xcassets; sourceTree = "<group>"; };
		B50B53A1259412F300F2CC86 /* Preview Assets.xcassets */ = {isa = PBXFileReference; lastKnownFileType = folder.assetcatalog; path = "Preview Assets.xcassets"; sourceTree = "<group>"; };
		B50B53A3259412F300F2CC86 /* Info.plist */ = {isa = PBXFileReference; lastKnownFileType = text.plist.xml; path = Info.plist; sourceTree = "<group>"; };
		B55B7DDC25965ECC000DC82C /* Time_Manager.swift */ = {isa = PBXFileReference; lastKnownFileType = sourcecode.swift; path = Time_Manager.swift; sourceTree = "<group>"; };
		B58C1868259673B400AC6040 /* Data_Manager.swift */ = {isa = PBXFileReference; lastKnownFileType = sourcecode.swift; path = Data_Manager.swift; sourceTree = "<group>"; };
		B59549DD2596CD030054E90D /* FirstRun.swift */ = {isa = PBXFileReference; lastKnownFileType = sourcecode.swift; path = FirstRun.swift; sourceTree = "<group>"; };
		B5BD7EF925954CFE00022FC8 /* DB_Manager.swift */ = {isa = PBXFileReference; lastKnownFileType = sourcecode.swift; path = DB_Manager.swift; sourceTree = "<group>"; };
		B5C366AE2594783D00234851 /* DataStructures.swift */ = {isa = PBXFileReference; lastKnownFileType = sourcecode.swift; path = DataStructures.swift; sourceTree = "<group>"; };
/* End PBXFileReference section */

/* Begin PBXFrameworksBuildPhase section */
		B50B5394259412F200F2CC86 /* Frameworks */ = {
			isa = PBXFrameworksBuildPhase;
			buildActionMask = 2147483647;
			files = (
				B5C366AC2594755500234851 /* NavigationStack in Frameworks */,
				7D1EE2AE2426010275305F1F /* Pods_CCET.framework in Frameworks */,
			);
			runOnlyForDeploymentPostprocessing = 0;
		};
/* End PBXFrameworksBuildPhase section */

/* Begin PBXGroup section */
		13667869F3861CF22FACC095 /* Frameworks */ = {
			isa = PBXGroup;
			children = (
				99645AC70893037336C901C3 /* Pods_CCET.framework */,
			);
			name = Frameworks;
			sourceTree = "<group>";
		};
		B50B538E259412F200F2CC86 = {
			isa = PBXGroup;
			children = (
				B50B5399259412F200F2CC86 /* CCET */,
				B50B5398259412F200F2CC86 /* Products */,
				BE15A7FF75102C6B2A6DCC30 /* Pods */,
				13667869F3861CF22FACC095 /* Frameworks */,
			);
			sourceTree = "<group>";
		};
		B50B5398259412F200F2CC86 /* Products */ = {
			isa = PBXGroup;
			children = (
				B50B5397259412F200F2CC86 /* CCET.app */,
			);
			name = Products;
			sourceTree = "<group>";
		};
		B50B5399259412F200F2CC86 /* CCET */ = {
			isa = PBXGroup;
			children = (
				B50B539A259412F200F2CC86 /* CCETApp.swift */,
				B55B7DDC25965ECC000DC82C /* Time_Manager.swift */,
				B50B539C259412F200F2CC86 /* ContentView.swift */,
				B5C366AE2594783D00234851 /* DataStructures.swift */,
				B5BD7EF925954CFE00022FC8 /* DB_Manager.swift */,
				B50B539E259412F300F2CC86 /* Assets.xcassets */,
				B50B53A3259412F300F2CC86 /* Info.plist */,
				B50B53A0259412F300F2CC86 /* Preview Content */,
				B58C1868259673B400AC6040 /* Data_Manager.swift */,
				B59549DD2596CD030054E90D /* FirstRun.swift */,
			);
			path = CCET;
			sourceTree = "<group>";
		};
		B50B53A0259412F300F2CC86 /* Preview Content */ = {
			isa = PBXGroup;
			children = (
				B50B53A1259412F300F2CC86 /* Preview Assets.xcassets */,
			);
			path = "Preview Content";
			sourceTree = "<group>";
		};
		BE15A7FF75102C6B2A6DCC30 /* Pods */ = {
			isa = PBXGroup;
			children = (
				941FA1AC42EE82836C7E5811 /* Pods-CCET.debug.xcconfig */,
				081B453E7301FD5F36408E3C /* Pods-CCET.release.xcconfig */,
			);
			path = Pods;
			sourceTree = "<group>";
		};
/* End PBXGroup section */

/* Begin PBXNativeTarget section */
		B50B5396259412F200F2CC86 /* CCET */ = {
			isa = PBXNativeTarget;
			buildConfigurationList = B50B53A6259412F300F2CC86 /* Build configuration list for PBXNativeTarget "CCET" */;
			buildPhases = (
				E4E103AF210D456539203D03 /* [CP] Check Pods Manifest.lock */,
				B50B5393259412F200F2CC86 /* Sources */,
				B50B5394259412F200F2CC86 /* Frameworks */,
				B50B5395259412F200F2CC86 /* Resources */,
				0AFA63863721C2C9224C291D /* [CP] Embed Pods Frameworks */,
			);
			buildRules = (
			);
			dependencies = (
			);
			name = CCET;
			packageProductDependencies = (
				B5C366AB2594755500234851 /* NavigationStack */,
			);
			productName = CCET;
			productReference = B50B5397259412F200F2CC86 /* CCET.app */;
			productType = "com.apple.product-type.application";
		};
/* End PBXNativeTarget section */

/* Begin PBXProject section */
		B50B538F259412F200F2CC86 /* Project object */ = {
			isa = PBXProject;
			attributes = {
				LastSwiftUpdateCheck = 1210;
				LastUpgradeCheck = 1210;
				TargetAttributes = {
					B50B5396259412F200F2CC86 = {
						CreatedOnToolsVersion = 12.1;
					};
				};
			};
			buildConfigurationList = B50B5392259412F200F2CC86 /* Build configuration list for PBXProject "CCET" */;
			compatibilityVersion = "Xcode 9.3";
			developmentRegion = en;
			hasScannedForEncodings = 0;
			knownRegions = (
				en,
				Base,
			);
			mainGroup = B50B538E259412F200F2CC86;
			packageReferences = (
				B5C366AA2594755400234851 /* XCRemoteSwiftPackageReference "swiftui-navigation-stack" */,
			);
			productRefGroup = B50B5398259412F200F2CC86 /* Products */;
			projectDirPath = "";
			projectRoot = "";
			targets = (
				B50B5396259412F200F2CC86 /* CCET */,
			);
		};
/* End PBXProject section */

/* Begin PBXResourcesBuildPhase section */
		B50B5395259412F200F2CC86 /* Resources */ = {
			isa = PBXResourcesBuildPhase;
			buildActionMask = 2147483647;
			files = (
				B50B53A2259412F300F2CC86 /* Preview Assets.xcassets in Resources */,
				B50B539F259412F300F2CC86 /* Assets.xcassets in Resources */,
			);
			runOnlyForDeploymentPostprocessing = 0;
		};
/* End PBXResourcesBuildPhase section */

/* Begin PBXShellScriptBuildPhase section */
		0AFA63863721C2C9224C291D /* [CP] Embed Pods Frameworks */ = {
			isa = PBXShellScriptBuildPhase;
			buildActionMask = 2147483647;
			files = (
			);
			inputFileListPaths = (
				"${PODS_ROOT}/Target Support Files/Pods-CCET/Pods-CCET-frameworks-${CONFIGURATION}-input-files.xcfilelist",
			);
			name = "[CP] Embed Pods Frameworks";
			outputFileListPaths = (
				"${PODS_ROOT}/Target Support Files/Pods-CCET/Pods-CCET-frameworks-${CONFIGURATION}-output-files.xcfilelist",
			);
			runOnlyForDeploymentPostprocessing = 0;
			shellPath = /bin/sh;
			shellScript = "\"${PODS_ROOT}/Target Support Files/Pods-CCET/Pods-CCET-frameworks.sh\"\n";
			showEnvVarsInLog = 0;
		};
		E4E103AF210D456539203D03 /* [CP] Check Pods Manifest.lock */ = {
			isa = PBXShellScriptBuildPhase;
			buildActionMask = 2147483647;
			files = (
			);
			inputFileListPaths = (
			);
			inputPaths = (
				"${PODS_PODFILE_DIR_PATH}/Podfile.lock",
				"${PODS_ROOT}/Manifest.lock",
			);
			name = "[CP] Check Pods Manifest.lock";
			outputFileListPaths = (
			);
			outputPaths = (
				"$(DERIVED_FILE_DIR)/Pods-CCET-checkManifestLockResult.txt",
			);
			runOnlyForDeploymentPostprocessing = 0;
			shellPath = /bin/sh;
			shellScript = "diff \"${PODS_PODFILE_DIR_PATH}/Podfile.lock\" \"${PODS_ROOT}/Manifest.lock\" > /dev/null\nif [ $? != 0 ] ; then\n    # print error to STDERR\n    echo \"error: The sandbox is not in sync with the Podfile.lock. Run 'pod install' or update your CocoaPods installation.\" >&2\n    exit 1\nfi\n# This output is used by Xcode 'outputs' to avoid re-running this script phase.\necho \"SUCCESS\" > \"${SCRIPT_OUTPUT_FILE_0}\"\n";
			showEnvVarsInLog = 0;
		};
/* End PBXShellScriptBuildPhase section */

/* Begin PBXSourcesBuildPhase section */
		B50B5393259412F200F2CC86 /* Sources */ = {
			isa = PBXSourcesBuildPhase;
			buildActionMask = 2147483647;
			files = (
				B50B539D259412F200F2CC86 /* ContentView.swift in Sources */,
				B55B7DDD25965ECC000DC82C /* Time_Manager.swift in Sources */,
				B59549DE2596CD030054E90D /* FirstRun.swift in Sources */,
				B5BD7EFA25954CFE00022FC8 /* DB_Manager.swift in Sources */,
				B58C1869259673B400AC6040 /* Data_Manager.swift in Sources */,
				B5C366AF2594783D00234851 /* DataStructures.swift in Sources */,
				B50B539B259412F200F2CC86 /* CCETApp.swift in Sources */,
			);
			runOnlyForDeploymentPostprocessing = 0;
		};
/* End PBXSourcesBuildPhase section */

/* Begin XCBuildConfiguration section */
		B50B53A4259412F300F2CC86 /* Debug */ = {
			isa = XCBuildConfiguration;
			buildSettings = {
				ALWAYS_SEARCH_USER_PATHS = NO;
				CLANG_ANALYZER_NONNULL = YES;
				CLANG_ANALYZER_NUMBER_OBJECT_CONVERSION = YES_AGGRESSIVE;
				CLANG_CXX_LANGUAGE_STANDARD = "gnu++14";
				CLANG_CXX_LIBRARY = "libc++";
				CLANG_ENABLE_MODULES = YES;
				CLANG_ENABLE_OBJC_ARC = YES;
				CLANG_ENABLE_OBJC_WEAK = YES;
				CLANG_WARN_BLOCK_CAPTURE_AUTORELEASING = YES;
				CLANG_WARN_BOOL_CONVERSION = YES;
				CLANG_WARN_COMMA = YES;
				CLANG_WARN_CONSTANT_CONVERSION = YES;
				CLANG_WARN_DEPRECATED_OBJC_IMPLEMENTATIONS = YES;
				CLANG_WARN_DIRECT_OBJC_ISA_USAGE = YES_ERROR;
				CLANG_WARN_DOCUMENTATION_COMMENTS = YES;
				CLANG_WARN_EMPTY_BODY = YES;
				CLANG_WARN_ENUM_CONVERSION = YES;
				CLANG_WARN_INFINITE_RECURSION = YES;
				CLANG_WARN_INT_CONVERSION = YES;
				CLANG_WARN_NON_LITERAL_NULL_CONVERSION = YES;
				CLANG_WARN_OBJC_IMPLICIT_RETAIN_SELF = YES;
				CLANG_WARN_OBJC_LITERAL_CONVERSION = YES;
				CLANG_WARN_OBJC_ROOT_CLASS = YES_ERROR;
				CLANG_WARN_QUOTED_INCLUDE_IN_FRAMEWORK_HEADER = YES;
				CLANG_WARN_RANGE_LOOP_ANALYSIS = YES;
				CLANG_WARN_STRICT_PROTOTYPES = YES;
				CLANG_WARN_SUSPICIOUS_MOVE = YES;
				CLANG_WARN_UNGUARDED_AVAILABILITY = YES_AGGRESSIVE;
				CLANG_WARN_UNREACHABLE_CODE = YES;
				CLANG_WARN__DUPLICATE_METHOD_MATCH = YES;
				COPY_PHASE_STRIP = NO;
				DEBUG_INFORMATION_FORMAT = dwarf;
				ENABLE_STRICT_OBJC_MSGSEND = YES;
				ENABLE_TESTABILITY = YES;
				GCC_C_LANGUAGE_STANDARD = gnu11;
				GCC_DYNAMIC_NO_PIC = NO;
				GCC_NO_COMMON_BLOCKS = YES;
				GCC_OPTIMIZATION_LEVEL = 0;
				GCC_PREPROCESSOR_DEFINITIONS = (
					"DEBUG=1",
					"$(inherited)",
				);
				GCC_WARN_64_TO_32_BIT_CONVERSION = YES;
				GCC_WARN_ABOUT_RETURN_TYPE = YES_ERROR;
				GCC_WARN_UNDECLARED_SELECTOR = YES;
				GCC_WARN_UNINITIALIZED_AUTOS = YES_AGGRESSIVE;
				GCC_WARN_UNUSED_FUNCTION = YES;
				GCC_WARN_UNUSED_VARIABLE = YES;
				IPHONEOS_DEPLOYMENT_TARGET = 14.1;
				MTL_ENABLE_DEBUG_INFO = INCLUDE_SOURCE;
				MTL_FAST_MATH = YES;
				ONLY_ACTIVE_ARCH = YES;
				SDKROOT = iphoneos;
				SWIFT_ACTIVE_COMPILATION_CONDITIONS = DEBUG;
				SWIFT_OPTIMIZATION_LEVEL = "-Onone";
			};
			name = Debug;
		};
		B50B53A5259412F300F2CC86 /* Release */ = {
			isa = XCBuildConfiguration;
			buildSettings = {
				ALWAYS_SEARCH_USER_PATHS = NO;
				CLANG_ANALYZER_NONNULL = YES;
				CLANG_ANALYZER_NUMBER_OBJECT_CONVERSION = YES_AGGRESSIVE;
				CLANG_CXX_LANGUAGE_STANDARD = "gnu++14";
				CLANG_CXX_LIBRARY = "libc++";
				CLANG_ENABLE_MODULES = YES;
				CLANG_ENABLE_OBJC_ARC = YES;
				CLANG_ENABLE_OBJC_WEAK = YES;
				CLANG_WARN_BLOCK_CAPTURE_AUTORELEASING = YES;
				CLANG_WARN_BOOL_CONVERSION = YES;
				CLANG_WARN_COMMA = YES;
				CLANG_WARN_CONSTANT_CONVERSION = YES;
				CLANG_WARN_DEPRECATED_OBJC_IMPLEMENTATIONS = YES;
				CLANG_WARN_DIRECT_OBJC_ISA_USAGE = YES_ERROR;
				CLANG_WARN_DOCUMENTATION_COMMENTS = YES;
				CLANG_WARN_EMPTY_BODY = YES;
				CLANG_WARN_ENUM_CONVERSION = YES;
				CLANG_WARN_INFINITE_RECURSION = YES;
				CLANG_WARN_INT_CONVERSION = YES;
				CLANG_WARN_NON_LITERAL_NULL_CONVERSION = YES;
				CLANG_WARN_OBJC_IMPLICIT_RETAIN_SELF = YES;
				CLANG_WARN_OBJC_LITERAL_CONVERSION = YES;
				CLANG_WARN_OBJC_ROOT_CLASS = YES_ERROR;
				CLANG_WARN_QUOTED_INCLUDE_IN_FRAMEWORK_HEADER = YES;
				CLANG_WARN_RANGE_LOOP_ANALYSIS = YES;
				CLANG_WARN_STRICT_PROTOTYPES = YES;
				CLANG_WARN_SUSPICIOUS_MOVE = YES;
				CLANG_WARN_UNGUARDED_AVAILABILITY = YES_AGGRESSIVE;
				CLANG_WARN_UNREACHABLE_CODE = YES;
				CLANG_WARN__DUPLICATE_METHOD_MATCH = YES;
				COPY_PHASE_STRIP = NO;
				DEBUG_INFORMATION_FORMAT = "dwarf-with-dsym";
				ENABLE_NS_ASSERTIONS = NO;
				ENABLE_STRICT_OBJC_MSGSEND = YES;
				GCC_C_LANGUAGE_STANDARD = gnu11;
				GCC_NO_COMMON_BLOCKS = YES;
				GCC_WARN_64_TO_32_BIT_CONVERSION = YES;
				GCC_WARN_ABOUT_RETURN_TYPE = YES_ERROR;
				GCC_WARN_UNDECLARED_SELECTOR = YES;
				GCC_WARN_UNINITIALIZED_AUTOS = YES_AGGRESSIVE;
				GCC_WARN_UNUSED_FUNCTION = YES;
				GCC_WARN_UNUSED_VARIABLE = YES;
				IPHONEOS_DEPLOYMENT_TARGET = 14.1;
				MTL_ENABLE_DEBUG_INFO = NO;
				MTL_FAST_MATH = YES;
				SDKROOT = iphoneos;
				SWIFT_COMPILATION_MODE = wholemodule;
				SWIFT_OPTIMIZATION_LEVEL = "-O";
				VALIDATE_PRODUCT = YES;
			};
			name = Release;
		};
		B50B53A7259412F300F2CC86 /* Debug */ = {
			isa = XCBuildConfiguration;
			baseConfigurationReference = 941FA1AC42EE82836C7E5811 /* Pods-CCET.debug.xcconfig */;
			buildSettings = {
				ASSETCATALOG_COMPILER_APPICON_NAME = AppIcon;
				ASSETCATALOG_COMPILER_GLOBAL_ACCENT_COLOR_NAME = AccentColor;
				CODE_SIGN_STYLE = Automatic;
				DEVELOPMENT_ASSET_PATHS = "\"CCET/Preview Content\"";
				ENABLE_PREVIEWS = YES;
				INFOPLIST_FILE = CCET/Info.plist;
				IPHONEOS_DEPLOYMENT_TARGET = 14.0;
				LD_RUNPATH_SEARCH_PATHS = (
					"$(inherited)",
					"@executable_path/Frameworks",
				);
				PRODUCT_BUNDLE_IDENTIFIER = com.example.CCET;
				PRODUCT_NAME = "$(TARGET_NAME)";
				SWIFT_VERSION = 5.0;
				TARGETED_DEVICE_FAMILY = "1,2";
			};
			name = Debug;
		};
		B50B53A8259412F300F2CC86 /* Release */ = {
			isa = XCBuildConfiguration;
			baseConfigurationReference = 081B453E7301FD5F36408E3C /* Pods-CCET.release.xcconfig */;
			buildSettings = {
				ASSETCATALOG_COMPILER_APPICON_NAME = AppIcon;
				ASSETCATALOG_COMPILER_GLOBAL_ACCENT_COLOR_NAME = AccentColor;
				CODE_SIGN_STYLE = Automatic;
				DEVELOPMENT_ASSET_PATHS = "\"CCET/Preview Content\"";
				ENABLE_PREVIEWS = YES;
				INFOPLIST_FILE = CCET/Info.plist;
				IPHONEOS_DEPLOYMENT_TARGET = 14.0;
				LD_RUNPATH_SEARCH_PATHS = (
					"$(inherited)",
					"@executable_path/Frameworks",
				);
				PRODUCT_BUNDLE_IDENTIFIER = com.example.CCET;
				PRODUCT_NAME = "$(TARGET_NAME)";
				SWIFT_VERSION = 5.0;
				TARGETED_DEVICE_FAMILY = "1,2";
			};
			name = Release;
		};
/* End XCBuildConfiguration section */

/* Begin XCConfigurationList section */
		B50B5392259412F200F2CC86 /* Build configuration list for PBXProject "CCET" */ = {
			isa = XCConfigurationList;
			buildConfigurations = (
				B50B53A4259412F300F2CC86 /* Debug */,
				B50B53A5259412F300F2CC86 /* Release */,
			);
			defaultConfigurationIsVisible = 0;
			defaultConfigurationName = Release;
		};
		B50B53A6259412F300F2CC86 /* Build configuration list for PBXNativeTarget "CCET" */ = {
			isa = XCConfigurationList;
			buildConfigurations = (
				B50B53A7259412F300F2CC86 /* Debug */,
				B50B53A8259412F300F2CC86 /* Release */,
			);
			defaultConfigurationIsVisible = 0;
			defaultConfigurationName = Release;
		};
/* End XCConfigurationList section */

/* Begin XCRemoteSwiftPackageReference section */
		B5C366AA2594755400234851 /* XCRemoteSwiftPackageReference "swiftui-navigation-stack" */ = {
			isa = XCRemoteSwiftPackageReference;
			repositoryURL = "https://github.com/matteopuc/swiftui-navigation-stack.git";
			requirement = {
				kind = upToNextMajorVersion;
				minimumVersion = 0.1.0;
			};
		};
/* End XCRemoteSwiftPackageReference section */

/* Begin XCSwiftPackageProductDependency section */
		B5C366AB2594755500234851 /* NavigationStack */ = {
			isa = XCSwiftPackageProductDependency;
			package = B5C366AA2594755400234851 /* XCRemoteSwiftPackageReference "swiftui-navigation-stack" */;
			productName = NavigationStack;
		};
/* End XCSwiftPackageProductDependency section */
	};
	rootObject = B50B538F259412F200F2CC86 /* Project object */;
}
